
Microsoft Visual Studio Solution File, Format Version 12.00
# Visual Studio Version 17
VisualStudioVersion = 17.9.34728.123
MinimumVisualStudioVersion = 10.0.40219.1
Project("{8BC9CEB8-8B4A-11D0-8D11-00A0C91BC942}") = "ConsoleFPS_game", "ConsoleFPS_game.vcxproj", "{A91D4069-94D4-4221-BD10-E10A040DB9DE}"
EndProject
Global
	GlobalSection(SolutionConfigurationPlatforms) = preSolution
		Debug|x64 = Debug|x64
		Debug|x86 = Debug|x86
		Release|x64 = Release|x64
		Release|x86 = Release|x86
	EndGlobalSection
	GlobalSection(ProjectConfigurationPlatforms) = postSolution
		{A91D4069-94D4-4221-BD10-E10A040DB9DE}.Debug|x64.ActiveCfg = Debug|x64
		{A91D4069-94D4-4221-BD10-E10A040DB9DE}.Debug|x64.Build.0 = Debug|x64
		{A91D4069-94D4-4221-BD10-E10A040DB9DE}.Debug|x86.ActiveCfg = Debug|Win32
		{A91D4069-94D4-4221-BD10-E10A040DB9DE}.Debug|x86.Build.0 = Debug|Win32
		{A91D4069-94D4-4221-BD10-E10A040DB9DE}.Release|x64.ActiveCfg = Release|x64
		{A91D4069-94D4-4221-BD10-E10A040DB9DE}.Release|x64.Build.0 = Release|x64
		{A91D4069-94D4-4221-BD10-E10A040DB9DE}.Release|x86.ActiveCfg = Release|Win32
		{A91D4069-94D4-4221-BD10-E10A040DB9DE}.Release|x86.Build.0 = Release|Win32
	EndGlobalSection
	GlobalSection(SolutionProperties) = preSolution
		HideSolutionNode = FALSE
	EndGlobalSection
	GlobalSection(ExtensibilityGlobals) = postSolution
		SolutionGuid = {22E24F4A-5010-43E0-9CE7-C67A4395363B}
	EndGlobalSection
EndGlobal
