
Microsoft Visual Studio Solution File, Format Version 12.00
# Visual Studio Version 17
VisualStudioVersion = 17.9.34728.123
MinimumVisualStudioVersion = 10.0.40219.1
Project("{8BC9CEB8-8B4A-11D0-8D11-00A0C91BC942}") = "3drenderer", "3drenderer.vcxproj", "{52CB476F-9271-491A-A7B9-4FD40E28B35B}"
EndProject
Global
	GlobalSection(SolutionConfigurationPlatforms) = preSolution
		Debug|x64 = Debug|x64
		Debug|x86 = Debug|x86
		Release|x64 = Release|x64
		Release|x86 = Release|x86
	EndGlobalSection
	GlobalSection(ProjectConfigurationPlatforms) = postSolution
		{52CB476F-9271-491A-A7B9-4FD40E28B35B}.Debug|x64.ActiveCfg = Debug|x64
		{52CB476F-9271-491A-A7B9-4FD40E28B35B}.Debug|x64.Build.0 = Debug|x64
		{52CB476F-9271-491A-A7B9-4FD40E28B35B}.Debug|x86.ActiveCfg = Debug|Win32
		{52CB476F-9271-491A-A7B9-4FD40E28B35B}.Debug|x86.Build.0 = Debug|Win32
		{52CB476F-9271-491A-A7B9-4FD40E28B35B}.Release|x64.ActiveCfg = Release|x64
		{52CB476F-9271-491A-A7B9-4FD40E28B35B}.Release|x64.Build.0 = Release|x64
		{52CB476F-9271-491A-A7B9-4FD40E28B35B}.Release|x86.ActiveCfg = Release|Win32
		{52CB476F-9271-491A-A7B9-4FD40E28B35B}.Release|x86.Build.0 = Release|Win32
	EndGlobalSection
	GlobalSection(SolutionProperties) = preSolution
		HideSolutionNode = FALSE
	EndGlobalSection
	GlobalSection(ExtensibilityGlobals) = postSolution
		SolutionGuid = {8F6CBF1B-BB6D-4011-A02B-7F6541409DA2}
	EndGlobalSection
EndGlobal
